
Microsoft Visual Studio Solution File, Format Version 12.00
# Visual Studio Version 17
VisualStudioVersion = 17.1.32210.238
MinimumVisualStudioVersion = 10.0.40219.1
Project("{9A19103F-16F7-4668-BE54-9A1E7A4F7556}") = "PFE", "PFE\PFE.csproj", "{48CDB8FF-9421-4519-8C4F-71FE65072788}"
EndProject
Project("{2150E333-8FDC-42A3-9474-1A3956D46DE8}") = "Solution Items", "Solution Items", "{102E6F55-C01A-44D4-8E0D-E3BEDCDA33A0}"
	ProjectSection(SolutionItems) = preProject
		.editorconfig = .editorconfig
	EndProjectSection
EndProject
Global
	GlobalSection(SolutionConfigurationPlatforms) = preSolution
		Debug|Any CPU = Debug|Any CPU
		Release|Any CPU = Release|Any CPU
	EndGlobalSection
	GlobalSection(ProjectConfigurationPlatforms) = postSolution
		{48CDB8FF-9421-4519-8C4F-71FE65072788}.Debug|Any CPU.ActiveCfg = Debug|Any CPU
		{48CDB8FF-9421-4519-8C4F-71FE65072788}.Debug|Any CPU.Build.0 = Debug|Any CPU
		{48CDB8FF-9421-4519-8C4F-71FE65072788}.Release|Any CPU.ActiveCfg = Release|Any CPU
		{48CDB8FF-9421-4519-8C4F-71FE65072788}.Release|Any CPU.Build.0 = Release|Any CPU
	EndGlobalSection
	GlobalSection(SolutionProperties) = preSolution
		HideSolutionNode = FALSE
	EndGlobalSection
	GlobalSection(ExtensibilityGlobals) = postSolution
		SolutionGuid = {25907568-CC25-4B12-9E0D-8908F7056005}
	EndGlobalSection
EndGlobal
